
Microsoft Visual Studio Solution File, Format Version 12.00
# Visual Studio Version 17
VisualStudioVersion = 17.0.31903.59
MinimumVisualStudioVersion = 10.0.40219.1
Project("{FAE04EC0-301F-11D3-BF4B-00C04F79EFBC}") = "ProblemsSolvedEasy", "ProblemsSolvedEasy\ProblemsSolvedEasy.csproj", "{59F5FDE8-3E97-43E3-8D56-71A6BC2C571F}"
EndProject
Global
	GlobalSection(SolutionConfigurationPlatforms) = preSolution
		Debug|Any CPU = Debug|Any CPU
		Release|Any CPU = Release|Any CPU
	EndGlobalSection
	GlobalSection(ProjectConfigurationPlatforms) = postSolution
		{59F5FDE8-3E97-43E3-8D56-71A6BC2C571F}.Debug|Any CPU.ActiveCfg = Debug|Any CPU
		{59F5FDE8-3E97-43E3-8D56-71A6BC2C571F}.Debug|Any CPU.Build.0 = Debug|Any CPU
		{59F5FDE8-3E97-43E3-8D56-71A6BC2C571F}.Release|Any CPU.ActiveCfg = Release|Any CPU
		{59F5FDE8-3E97-43E3-8D56-71A6BC2C571F}.Release|Any CPU.Build.0 = Release|Any CPU
	EndGlobalSection
	GlobalSection(SolutionProperties) = preSolution
		HideSolutionNode = FALSE
	EndGlobalSection
	GlobalSection(ExtensibilityGlobals) = postSolution
		SolutionGuid = {3EFDD36A-9FBC-4E8D-BB46-1FA95BC43C38}
	EndGlobalSection
EndGlobal
